
Microsoft Visual Studio Solution File, Format Version 12.00
# Visual Studio Version 17
VisualStudioVersion = 17.12.35707.178
MinimumVisualStudioVersion = 10.0.40219.1
Project("{FAE04EC0-301F-11D3-BF4B-00C04F79EFBC}") = "Robbiealazer8768364_Week3", "Robbiealazer8768364_Week3\Robbiealazer8768364_Week3.csproj", "{C5A1F3AB-87CF-45B1-812C-E52235A02034}"
EndProject
Project("{FAE04EC0-301F-11D3-BF4B-00C04F79EFBC}") = "8768364RobbieAlazer_MVC", "8768364RobbieAlazer_MVC\8768364RobbieAlazer_MVC.csproj", "{46149D1C-4898-40BA-AE51-A009410E5707}"
EndProject
Project("{FAE04EC0-301F-11D3-BF4B-00C04F79EFBC}") = "Maintenance.WebAPI", "Maintenance.WebAPI\Maintenance.WebAPI.csproj", "{7AFB8562-F41D-4C0C-BADD-849D25558BAE}"
EndProject
Project("{2150E333-8FDC-42A3-9474-1A3956D46DE8}") = "VehicleInventory.App", "VehicleInventory.App", "{F781A3BC-4344-46B5-A062-D91EC4AB0D8E}"
EndProject
Project("{FAE04EC0-301F-11D3-BF4B-00C04F79EFBC}") = "VehicleInventory.Domain", "VehicleInventory.Domain\VehicleInventory.Domain.csproj", "{9F971621-77D1-48DD-A5CB-8B2A36D083A4}"
EndProject
Project("{FAE04EC0-301F-11D3-BF4B-00C04F79EFBC}") = "VehicleInventory.Application", "VehicleInventory.Application\VehicleInventory.Application.csproj", "{31A4D617-F2F4-4DBB-A904-27F4C5A2ADA0}"
EndProject
Project("{FAE04EC0-301F-11D3-BF4B-00C04F79EFBC}") = "VehicleInventory.Infrastructure", "VehicleInventory.Infrastructure\VehicleInventory.Infrastructure.csproj", "{8C23085F-4B4D-4910-AF58-F83569CB2F2C}"
EndProject
Project("{FAE04EC0-301F-11D3-BF4B-00C04F79EFBC}") = "VehicleInventory.WebAPI", "VehicleInventory.WebAPI\VehicleInventory.WebAPI.csproj", "{015491A7-AA58-4B83-B725-138E519729CD}"
EndProject
Global
	GlobalSection(SolutionConfigurationPlatforms) = preSolution
		Debug|Any CPU = Debug|Any CPU
		Release|Any CPU = Release|Any CPU
	EndGlobalSection
	GlobalSection(ProjectConfigurationPlatforms) = postSolution
		{C5A1F3AB-87CF-45B1-812C-E52235A02034}.Debug|Any CPU.ActiveCfg = Debug|Any CPU
		{C5A1F3AB-87CF-45B1-812C-E52235A02034}.Debug|Any CPU.Build.0 = Debug|Any CPU
		{C5A1F3AB-87CF-45B1-812C-E52235A02034}.Release|Any CPU.ActiveCfg = Release|Any CPU
		{C5A1F3AB-87CF-45B1-812C-E52235A02034}.Release|Any CPU.Build.0 = Release|Any CPU
		{46149D1C-4898-40BA-AE51-A009410E5707}.Debug|Any CPU.ActiveCfg = Debug|Any CPU
		{46149D1C-4898-40BA-AE51-A009410E5707}.Debug|Any CPU.Build.0 = Debug|Any CPU
		{46149D1C-4898-40BA-AE51-A009410E5707}.Release|Any CPU.ActiveCfg = Release|Any CPU
		{46149D1C-4898-40BA-AE51-A009410E5707}.Release|Any CPU.Build.0 = Release|Any CPU
		{7AFB8562-F41D-4C0C-BADD-849D25558BAE}.Debug|Any CPU.ActiveCfg = Debug|Any CPU
		{7AFB8562-F41D-4C0C-BADD-849D25558BAE}.Debug|Any CPU.Build.0 = Debug|Any CPU
		{7AFB8562-F41D-4C0C-BADD-849D25558BAE}.Release|Any CPU.ActiveCfg = Release|Any CPU
		{7AFB8562-F41D-4C0C-BADD-849D25558BAE}.Release|Any CPU.Build.0 = Release|Any CPU
		{9F971621-77D1-48DD-A5CB-8B2A36D083A4}.Debug|Any CPU.ActiveCfg = Debug|Any CPU
		{9F971621-77D1-48DD-A5CB-8B2A36D083A4}.Debug|Any CPU.Build.0 = Debug|Any CPU
		{9F971621-77D1-48DD-A5CB-8B2A36D083A4}.Release|Any CPU.ActiveCfg = Release|Any CPU
		{9F971621-77D1-48DD-A5CB-8B2A36D083A4}.Release|Any CPU.Build.0 = Release|Any CPU
		{31A4D617-F2F4-4DBB-A904-27F4C5A2ADA0}.Debug|Any CPU.ActiveCfg = Debug|Any CPU
		{31A4D617-F2F4-4DBB-A904-27F4C5A2ADA0}.Debug|Any CPU.Build.0 = Debug|Any CPU
		{31A4D617-F2F4-4DBB-A904-27F4C5A2ADA0}.Release|Any CPU.ActiveCfg = Release|Any CPU
		{31A4D617-F2F4-4DBB-A904-27F4C5A2ADA0}.Release|Any CPU.Build.0 = Release|Any CPU
		{8C23085F-4B4D-4910-AF58-F83569CB2F2C}.Debug|Any CPU.ActiveCfg = Debug|Any CPU
		{8C23085F-4B4D-4910-AF58-F83569CB2F2C}.Debug|Any CPU.Build.0 = Debug|Any CPU
		{8C23085F-4B4D-4910-AF58-F83569CB2F2C}.Release|Any CPU.ActiveCfg = Release|Any CPU
		{8C23085F-4B4D-4910-AF58-F83569CB2F2C}.Release|Any CPU.Build.0 = Release|Any CPU
		{015491A7-AA58-4B83-B725-138E519729CD}.Debug|Any CPU.ActiveCfg = Debug|Any CPU
		{015491A7-AA58-4B83-B725-138E519729CD}.Debug|Any CPU.Build.0 = Debug|Any CPU
		{015491A7-AA58-4B83-B725-138E519729CD}.Release|Any CPU.ActiveCfg = Release|Any CPU
		{015491A7-AA58-4B83-B725-138E519729CD}.Release|Any CPU.Build.0 = Release|Any CPU
	EndGlobalSection
	GlobalSection(SolutionProperties) = preSolution
		HideSolutionNode = FALSE
	EndGlobalSection
	GlobalSection(NestedProjects) = preSolution
		{9F971621-77D1-48DD-A5CB-8B2A36D083A4} = {F781A3BC-4344-46B5-A062-D91EC4AB0D8E}
		{31A4D617-F2F4-4DBB-A904-27F4C5A2ADA0} = {F781A3BC-4344-46B5-A062-D91EC4AB0D8E}
		{8C23085F-4B4D-4910-AF58-F83569CB2F2C} = {F781A3BC-4344-46B5-A062-D91EC4AB0D8E}
		{015491A7-AA58-4B83-B725-138E519729CD} = {F781A3BC-4344-46B5-A062-D91EC4AB0D8E}
	EndGlobalSection
EndGlobal
